
Microsoft Visual Studio Solution File, Format Version 11.00
# Visual Studio 2010
Project("{FAE04EC0-301F-11D3-BF4B-00C04F79EFBC}") = "Matheor", "Assembly-CSharp.csproj", "{F185D55A-9A6B-6D4C-0F2A-69FA88BB24BA}"
EndProject
Global
	GlobalSection(SolutionConfigurationPlatforms) = preSolution
		Debug|Any CPU = Debug|Any CPU
		Release|Any CPU = Release|Any CPU
	EndGlobalSection
	GlobalSection(ProjectConfigurationPlatforms) = postSolution
		{F185D55A-9A6B-6D4C-0F2A-69FA88BB24BA}.Debug|Any CPU.ActiveCfg = Debug|Any CPU
		{F185D55A-9A6B-6D4C-0F2A-69FA88BB24BA}.Debug|Any CPU.Build.0 = Debug|Any CPU
		{F185D55A-9A6B-6D4C-0F2A-69FA88BB24BA}.Release|Any CPU.ActiveCfg = Release|Any CPU
		{F185D55A-9A6B-6D4C-0F2A-69FA88BB24BA}.Release|Any CPU.Build.0 = Release|Any CPU
	EndGlobalSection
	GlobalSection(SolutionProperties) = preSolution
		HideSolutionNode = FALSE
	EndGlobalSection
	GlobalSection(MonoDevelopProperties) = preSolution
		StartupItem = Assembly-CSharp.csproj
	EndGlobalSection
EndGlobal
